
Microsoft Visual Studio Solution File, Format Version 12.00
# Visual Studio Version 16
VisualStudioVersion = 16.0.30114.105
MinimumVisualStudioVersion = 10.0.40219.1
Project("{9A19103F-16F7-4668-BE54-9A1E7A4F7556}") = "day1", "day1\day1.csproj", "{571EED89-C180-4CF7-9560-2C69CCBCA8C8}"
EndProject
Project("{9A19103F-16F7-4668-BE54-9A1E7A4F7556}") = "day2", "day2\day2.csproj", "{B9FA42C0-2183-42EE-9B5B-491429C4CE86}"
EndProject
Project("{9A19103F-16F7-4668-BE54-9A1E7A4F7556}") = "day3", "day3\day3.csproj", "{CF4B56BD-F9DC-435A-B363-7AEFBB28938C}"
EndProject
Project("{9A19103F-16F7-4668-BE54-9A1E7A4F7556}") = "day4", "day4\day4.csproj", "{D1CFB461-2CED-4DDB-BACA-28AA7006CA81}"
EndProject
Project("{9A19103F-16F7-4668-BE54-9A1E7A4F7556}") = "common", "common\common.csproj", "{FBCB18AA-F794-4943-847B-4BA3F4F7D262}"
EndProject
Project("{9A19103F-16F7-4668-BE54-9A1E7A4F7556}") = "day5", "day5\day5.csproj", "{7201EF1D-A495-4F8F-A1A0-D1D1A14F4131}"
EndProject
Project("{9A19103F-16F7-4668-BE54-9A1E7A4F7556}") = "blazorgui", "blazorgui\blazorgui.csproj", "{4A81AE54-B3F1-4DC5-9422-726841C0F3E3}"
EndProject
Project("{9A19103F-16F7-4668-BE54-9A1E7A4F7556}") = "day6", "day6\day6.csproj", "{2701823D-FFD7-4212-855A-62B167437780}"
EndProject
Project("{FAE04EC0-301F-11D3-BF4B-00C04F79EFBC}") = "day7", "day7\day7.csproj", "{48B5E06B-489B-450F-BC58-1843A27CFD95}"
EndProject
Project("{FAE04EC0-301F-11D3-BF4B-00C04F79EFBC}") = "day8", "day8\day8.csproj", "{DBC22B6C-0EA7-41FE-8246-226A37651C1F}"
EndProject
Global
	GlobalSection(SolutionConfigurationPlatforms) = preSolution
		Debug|Any CPU = Debug|Any CPU
		Debug|x64 = Debug|x64
		Debug|x86 = Debug|x86
		Release|Any CPU = Release|Any CPU
		Release|x64 = Release|x64
		Release|x86 = Release|x86
	EndGlobalSection
	GlobalSection(ProjectConfigurationPlatforms) = postSolution
		{571EED89-C180-4CF7-9560-2C69CCBCA8C8}.Debug|Any CPU.ActiveCfg = Debug|Any CPU
		{571EED89-C180-4CF7-9560-2C69CCBCA8C8}.Debug|Any CPU.Build.0 = Debug|Any CPU
		{571EED89-C180-4CF7-9560-2C69CCBCA8C8}.Debug|x64.ActiveCfg = Debug|Any CPU
		{571EED89-C180-4CF7-9560-2C69CCBCA8C8}.Debug|x64.Build.0 = Debug|Any CPU
		{571EED89-C180-4CF7-9560-2C69CCBCA8C8}.Debug|x86.ActiveCfg = Debug|Any CPU
		{571EED89-C180-4CF7-9560-2C69CCBCA8C8}.Debug|x86.Build.0 = Debug|Any CPU
		{571EED89-C180-4CF7-9560-2C69CCBCA8C8}.Release|Any CPU.ActiveCfg = Release|Any CPU
		{571EED89-C180-4CF7-9560-2C69CCBCA8C8}.Release|Any CPU.Build.0 = Release|Any CPU
		{571EED89-C180-4CF7-9560-2C69CCBCA8C8}.Release|x64.ActiveCfg = Release|Any CPU
		{571EED89-C180-4CF7-9560-2C69CCBCA8C8}.Release|x64.Build.0 = Release|Any CPU
		{571EED89-C180-4CF7-9560-2C69CCBCA8C8}.Release|x86.ActiveCfg = Release|Any CPU
		{571EED89-C180-4CF7-9560-2C69CCBCA8C8}.Release|x86.Build.0 = Release|Any CPU
		{B9FA42C0-2183-42EE-9B5B-491429C4CE86}.Debug|Any CPU.ActiveCfg = Debug|Any CPU
		{B9FA42C0-2183-42EE-9B5B-491429C4CE86}.Debug|Any CPU.Build.0 = Debug|Any CPU
		{B9FA42C0-2183-42EE-9B5B-491429C4CE86}.Debug|x64.ActiveCfg = Debug|Any CPU
		{B9FA42C0-2183-42EE-9B5B-491429C4CE86}.Debug|x64.Build.0 = Debug|Any CPU
		{B9FA42C0-2183-42EE-9B5B-491429C4CE86}.Debug|x86.ActiveCfg = Debug|Any CPU
		{B9FA42C0-2183-42EE-9B5B-491429C4CE86}.Debug|x86.Build.0 = Debug|Any CPU
		{B9FA42C0-2183-42EE-9B5B-491429C4CE86}.Release|Any CPU.ActiveCfg = Release|Any CPU
		{B9FA42C0-2183-42EE-9B5B-491429C4CE86}.Release|Any CPU.Build.0 = Release|Any CPU
		{B9FA42C0-2183-42EE-9B5B-491429C4CE86}.Release|x64.ActiveCfg = Release|Any CPU
		{B9FA42C0-2183-42EE-9B5B-491429C4CE86}.Release|x64.Build.0 = Release|Any CPU
		{B9FA42C0-2183-42EE-9B5B-491429C4CE86}.Release|x86.ActiveCfg = Release|Any CPU
		{B9FA42C0-2183-42EE-9B5B-491429C4CE86}.Release|x86.Build.0 = Release|Any CPU
		{CF4B56BD-F9DC-435A-B363-7AEFBB28938C}.Debug|Any CPU.ActiveCfg = Debug|Any CPU
		{CF4B56BD-F9DC-435A-B363-7AEFBB28938C}.Debug|Any CPU.Build.0 = Debug|Any CPU
		{CF4B56BD-F9DC-435A-B363-7AEFBB28938C}.Debug|x64.ActiveCfg = Debug|Any CPU
		{CF4B56BD-F9DC-435A-B363-7AEFBB28938C}.Debug|x64.Build.0 = Debug|Any CPU
		{CF4B56BD-F9DC-435A-B363-7AEFBB28938C}.Debug|x86.ActiveCfg = Debug|Any CPU
		{CF4B56BD-F9DC-435A-B363-7AEFBB28938C}.Debug|x86.Build.0 = Debug|Any CPU
		{CF4B56BD-F9DC-435A-B363-7AEFBB28938C}.Release|Any CPU.ActiveCfg = Release|Any CPU
		{CF4B56BD-F9DC-435A-B363-7AEFBB28938C}.Release|Any CPU.Build.0 = Release|Any CPU
		{CF4B56BD-F9DC-435A-B363-7AEFBB28938C}.Release|x64.ActiveCfg = Release|Any CPU
		{CF4B56BD-F9DC-435A-B363-7AEFBB28938C}.Release|x64.Build.0 = Release|Any CPU
		{CF4B56BD-F9DC-435A-B363-7AEFBB28938C}.Release|x86.ActiveCfg = Release|Any CPU
		{CF4B56BD-F9DC-435A-B363-7AEFBB28938C}.Release|x86.Build.0 = Release|Any CPU
		{D1CFB461-2CED-4DDB-BACA-28AA7006CA81}.Debug|Any CPU.ActiveCfg = Debug|Any CPU
		{D1CFB461-2CED-4DDB-BACA-28AA7006CA81}.Debug|Any CPU.Build.0 = Debug|Any CPU
		{D1CFB461-2CED-4DDB-BACA-28AA7006CA81}.Debug|x64.ActiveCfg = Debug|Any CPU
		{D1CFB461-2CED-4DDB-BACA-28AA7006CA81}.Debug|x64.Build.0 = Debug|Any CPU
		{D1CFB461-2CED-4DDB-BACA-28AA7006CA81}.Debug|x86.ActiveCfg = Debug|Any CPU
		{D1CFB461-2CED-4DDB-BACA-28AA7006CA81}.Debug|x86.Build.0 = Debug|Any CPU
		{D1CFB461-2CED-4DDB-BACA-28AA7006CA81}.Release|Any CPU.ActiveCfg = Release|Any CPU
		{D1CFB461-2CED-4DDB-BACA-28AA7006CA81}.Release|Any CPU.Build.0 = Release|Any CPU
		{D1CFB461-2CED-4DDB-BACA-28AA7006CA81}.Release|x64.ActiveCfg = Release|Any CPU
		{D1CFB461-2CED-4DDB-BACA-28AA7006CA81}.Release|x64.Build.0 = Release|Any CPU
		{D1CFB461-2CED-4DDB-BACA-28AA7006CA81}.Release|x86.ActiveCfg = Release|Any CPU
		{D1CFB461-2CED-4DDB-BACA-28AA7006CA81}.Release|x86.Build.0 = Release|Any CPU
		{FBCB18AA-F794-4943-847B-4BA3F4F7D262}.Debug|Any CPU.ActiveCfg = Debug|Any CPU
		{FBCB18AA-F794-4943-847B-4BA3F4F7D262}.Debug|Any CPU.Build.0 = Debug|Any CPU
		{FBCB18AA-F794-4943-847B-4BA3F4F7D262}.Debug|x64.ActiveCfg = Debug|Any CPU
		{FBCB18AA-F794-4943-847B-4BA3F4F7D262}.Debug|x64.Build.0 = Debug|Any CPU
		{FBCB18AA-F794-4943-847B-4BA3F4F7D262}.Debug|x86.ActiveCfg = Debug|Any CPU
		{FBCB18AA-F794-4943-847B-4BA3F4F7D262}.Debug|x86.Build.0 = Debug|Any CPU
		{FBCB18AA-F794-4943-847B-4BA3F4F7D262}.Release|Any CPU.ActiveCfg = Release|Any CPU
		{FBCB18AA-F794-4943-847B-4BA3F4F7D262}.Release|Any CPU.Build.0 = Release|Any CPU
		{FBCB18AA-F794-4943-847B-4BA3F4F7D262}.Release|x64.ActiveCfg = Release|Any CPU
		{FBCB18AA-F794-4943-847B-4BA3F4F7D262}.Release|x64.Build.0 = Release|Any CPU
		{FBCB18AA-F794-4943-847B-4BA3F4F7D262}.Release|x86.ActiveCfg = Release|Any CPU
		{FBCB18AA-F794-4943-847B-4BA3F4F7D262}.Release|x86.Build.0 = Release|Any CPU
		{7201EF1D-A495-4F8F-A1A0-D1D1A14F4131}.Debug|Any CPU.ActiveCfg = Debug|Any CPU
		{7201EF1D-A495-4F8F-A1A0-D1D1A14F4131}.Debug|Any CPU.Build.0 = Debug|Any CPU
		{7201EF1D-A495-4F8F-A1A0-D1D1A14F4131}.Debug|x64.ActiveCfg = Debug|Any CPU
		{7201EF1D-A495-4F8F-A1A0-D1D1A14F4131}.Debug|x64.Build.0 = Debug|Any CPU
		{7201EF1D-A495-4F8F-A1A0-D1D1A14F4131}.Debug|x86.ActiveCfg = Debug|Any CPU
		{7201EF1D-A495-4F8F-A1A0-D1D1A14F4131}.Debug|x86.Build.0 = Debug|Any CPU
		{7201EF1D-A495-4F8F-A1A0-D1D1A14F4131}.Release|Any CPU.ActiveCfg = Release|Any CPU
		{7201EF1D-A495-4F8F-A1A0-D1D1A14F4131}.Release|Any CPU.Build.0 = Release|Any CPU
		{7201EF1D-A495-4F8F-A1A0-D1D1A14F4131}.Release|x64.ActiveCfg = Release|Any CPU
		{7201EF1D-A495-4F8F-A1A0-D1D1A14F4131}.Release|x64.Build.0 = Release|Any CPU
		{7201EF1D-A495-4F8F-A1A0-D1D1A14F4131}.Release|x86.ActiveCfg = Release|Any CPU
		{7201EF1D-A495-4F8F-A1A0-D1D1A14F4131}.Release|x86.Build.0 = Release|Any CPU
		{4A81AE54-B3F1-4DC5-9422-726841C0F3E3}.Debug|Any CPU.ActiveCfg = Debug|Any CPU
		{4A81AE54-B3F1-4DC5-9422-726841C0F3E3}.Debug|Any CPU.Build.0 = Debug|Any CPU
		{4A81AE54-B3F1-4DC5-9422-726841C0F3E3}.Debug|x64.ActiveCfg = Debug|Any CPU
		{4A81AE54-B3F1-4DC5-9422-726841C0F3E3}.Debug|x64.Build.0 = Debug|Any CPU
		{4A81AE54-B3F1-4DC5-9422-726841C0F3E3}.Debug|x86.ActiveCfg = Debug|Any CPU
		{4A81AE54-B3F1-4DC5-9422-726841C0F3E3}.Debug|x86.Build.0 = Debug|Any CPU
		{4A81AE54-B3F1-4DC5-9422-726841C0F3E3}.Release|Any CPU.ActiveCfg = Release|Any CPU
		{4A81AE54-B3F1-4DC5-9422-726841C0F3E3}.Release|Any CPU.Build.0 = Release|Any CPU
		{4A81AE54-B3F1-4DC5-9422-726841C0F3E3}.Release|x64.ActiveCfg = Release|Any CPU
		{4A81AE54-B3F1-4DC5-9422-726841C0F3E3}.Release|x64.Build.0 = Release|Any CPU
		{4A81AE54-B3F1-4DC5-9422-726841C0F3E3}.Release|x86.ActiveCfg = Release|Any CPU
		{4A81AE54-B3F1-4DC5-9422-726841C0F3E3}.Release|x86.Build.0 = Release|Any CPU
		{2701823D-FFD7-4212-855A-62B167437780}.Debug|Any CPU.ActiveCfg = Debug|Any CPU
		{2701823D-FFD7-4212-855A-62B167437780}.Debug|Any CPU.Build.0 = Debug|Any CPU
		{2701823D-FFD7-4212-855A-62B167437780}.Debug|x64.ActiveCfg = Debug|Any CPU
		{2701823D-FFD7-4212-855A-62B167437780}.Debug|x64.Build.0 = Debug|Any CPU
		{2701823D-FFD7-4212-855A-62B167437780}.Debug|x86.ActiveCfg = Debug|Any CPU
		{2701823D-FFD7-4212-855A-62B167437780}.Debug|x86.Build.0 = Debug|Any CPU
		{2701823D-FFD7-4212-855A-62B167437780}.Release|Any CPU.ActiveCfg = Release|Any CPU
		{2701823D-FFD7-4212-855A-62B167437780}.Release|Any CPU.Build.0 = Release|Any CPU
		{2701823D-FFD7-4212-855A-62B167437780}.Release|x64.ActiveCfg = Release|Any CPU
		{2701823D-FFD7-4212-855A-62B167437780}.Release|x64.Build.0 = Release|Any CPU
		{2701823D-FFD7-4212-855A-62B167437780}.Release|x86.ActiveCfg = Release|Any CPU
		{2701823D-FFD7-4212-855A-62B167437780}.Release|x86.Build.0 = Release|Any CPU
		{48B5E06B-489B-450F-BC58-1843A27CFD95}.Debug|Any CPU.ActiveCfg = Debug|Any CPU
		{48B5E06B-489B-450F-BC58-1843A27CFD95}.Debug|Any CPU.Build.0 = Debug|Any CPU
		{48B5E06B-489B-450F-BC58-1843A27CFD95}.Debug|x64.ActiveCfg = Debug|Any CPU
		{48B5E06B-489B-450F-BC58-1843A27CFD95}.Debug|x64.Build.0 = Debug|Any CPU
		{48B5E06B-489B-450F-BC58-1843A27CFD95}.Debug|x86.ActiveCfg = Debug|Any CPU
		{48B5E06B-489B-450F-BC58-1843A27CFD95}.Debug|x86.Build.0 = Debug|Any CPU
		{48B5E06B-489B-450F-BC58-1843A27CFD95}.Release|Any CPU.ActiveCfg = Release|Any CPU
		{48B5E06B-489B-450F-BC58-1843A27CFD95}.Release|Any CPU.Build.0 = Release|Any CPU
		{48B5E06B-489B-450F-BC58-1843A27CFD95}.Release|x64.ActiveCfg = Release|Any CPU
		{48B5E06B-489B-450F-BC58-1843A27CFD95}.Release|x64.Build.0 = Release|Any CPU
		{48B5E06B-489B-450F-BC58-1843A27CFD95}.Release|x86.ActiveCfg = Release|Any CPU
		{48B5E06B-489B-450F-BC58-1843A27CFD95}.Release|x86.Build.0 = Release|Any CPU
		{DBC22B6C-0EA7-41FE-8246-226A37651C1F}.Debug|Any CPU.ActiveCfg = Debug|Any CPU
		{DBC22B6C-0EA7-41FE-8246-226A37651C1F}.Debug|Any CPU.Build.0 = Debug|Any CPU
		{DBC22B6C-0EA7-41FE-8246-226A37651C1F}.Debug|x64.ActiveCfg = Debug|Any CPU
		{DBC22B6C-0EA7-41FE-8246-226A37651C1F}.Debug|x64.Build.0 = Debug|Any CPU
		{DBC22B6C-0EA7-41FE-8246-226A37651C1F}.Debug|x86.ActiveCfg = Debug|Any CPU
		{DBC22B6C-0EA7-41FE-8246-226A37651C1F}.Debug|x86.Build.0 = Debug|Any CPU
		{DBC22B6C-0EA7-41FE-8246-226A37651C1F}.Release|Any CPU.ActiveCfg = Release|Any CPU
		{DBC22B6C-0EA7-41FE-8246-226A37651C1F}.Release|Any CPU.Build.0 = Release|Any CPU
		{DBC22B6C-0EA7-41FE-8246-226A37651C1F}.Release|x64.ActiveCfg = Release|Any CPU
		{DBC22B6C-0EA7-41FE-8246-226A37651C1F}.Release|x64.Build.0 = Release|Any CPU
		{DBC22B6C-0EA7-41FE-8246-226A37651C1F}.Release|x86.ActiveCfg = Release|Any CPU
		{DBC22B6C-0EA7-41FE-8246-226A37651C1F}.Release|x86.Build.0 = Release|Any CPU
	EndGlobalSection
	GlobalSection(SolutionProperties) = preSolution
		HideSolutionNode = FALSE
	EndGlobalSection
	GlobalSection(ExtensibilityGlobals) = postSolution
		SolutionGuid = {BF18E10F-2BA6-4ECB-B21C-9E26D1CD7602}
	EndGlobalSection
EndGlobal
